// !$*UTF8*$!
{
	archiveVersion = 1;
	classes = {
	};
	objectVersion = 50;
	objects = {

/* Begin PBXBuildFile section */
		4091E93A20BF18FE00C2332A /* AppDelegate.swift in Sources */ = {isa = PBXBuildFile; fileRef = 4091E93920BF18FE00C2332A /* AppDelegate.swift */; };
		4091E93C20BF18FE00C2332A /* ViewController.swift in Sources */ = {isa = PBXBuildFile; fileRef = 4091E93B20BF18FE00C2332A /* ViewController.swift */; };
		4091E93F20BF18FE00C2332A /* Main.storyboard in Resources */ = {isa = PBXBuildFile; fileRef = 4091E93D20BF18FE00C2332A /* Main.storyboard */; };
		4091E94220BF18FE00C2332A /* TaskManagerApp.xcdatamodeld in Sources */ = {isa = PBXBuildFile; fileRef = 4091E94020BF18FE00C2332A /* TaskManagerApp.xcdatamodeld */; };
		4091E94420BF18FF00C2332A /* Assets.xcassets in Resources */ = {isa = PBXBuildFile; fileRef = 4091E94320BF18FF00C2332A /* Assets.xcassets */; };
		4091E94720BF18FF00C2332A /* LaunchScreen.storyboard in Resources */ = {isa = PBXBuildFile; fileRef = 4091E94520BF18FF00C2332A /* LaunchScreen.storyboard */; };
/* End PBXBuildFile section */

/* Begin PBXFileReference section */
		4091E93620BF18FE00C2332A /* TaskManagerApp.app */ = {isa = PBXFileReference; explicitFileType = wrapper.application; includeInIndex = 0; path = TaskManagerApp.app; sourceTree = BUILT_PRODUCTS_DIR; };
		4091E93920BF18FE00C2332A /* AppDelegate.swift */ = {isa = PBXFileReference; lastKnownFileType = sourcecode.swift; path = AppDelegate.swift; sourceTree = "<group>"; };
		4091E93B20BF18FE00C2332A /* ViewController.swift */ = {isa = PBXFileReference; lastKnownFileType = sourcecode.swift; path = ViewController.swift; sourceTree = "<group>"; };
		4091E93E20BF18FE00C2332A /* Base */ = {isa = PBXFileReference; lastKnownFileType = file.storyboard; name = Base; path = Base.lproj/Main.storyboard; sourceTree = "<group>"; };
		4091E94120BF18FE00C2332A /* TaskManagerApp.xcdatamodel */ = {isa = PBXFileReference; lastKnownFileType = wrapper.xcdatamodel; path = TaskManagerApp.xcdatamodel; sourceTree = "<group>"; };
		4091E94320BF18FF00C2332A /* Assets.xcassets */ = {isa = PBXFileReference; lastKnownFileType = folder.assetcatalog; path = Assets.xcassets; sourceTree = "<group>"; };
		4091E94620BF18FF00C2332A /* Base */ = {isa = PBXFileReference; lastKnownFileType = file.storyboard; name = Base; path = Base.lproj/LaunchScreen.storyboard; sourceTree = "<group>"; };
		4091E94820BF18FF00C2332A /* Info.plist */ = {isa = PBXFileReference; lastKnownFileType = text.plist.xml; path = Info.plist; sourceTree = "<group>"; };
/* End PBXFileReference section */

/* Begin PBXFrameworksBuildPhase section */
		4091E93320BF18FE00C2332A /* Frameworks */ = {
			isa = PBXFrameworksBuildPhase;
			buildActionMask = 2147483647;
			files = (
			);
			runOnlyForDeploymentPostprocessing = 0;
		};
/* End PBXFrameworksBuildPhase section */

/* Begin PBXGroup section */
		4091E92D20BF18FE00C2332A = {
			isa = PBXGroup;
			children = (
				4091E93820BF18FE00C2332A /* TaskManagerApp */,
				4091E93720BF18FE00C2332A /* Products */,
			);
			sourceTree = "<group>";
		};
		4091E93720BF18FE00C2332A /* Products */ = {
			isa = PBXGroup;
			children = (
				4091E93620BF18FE00C2332A /* TaskManagerApp.app */,
			);
			name = Products;
			sourceTree = "<group>";
		};
		4091E93820BF18FE00C2332A /* TaskManagerApp */ = {
			isa = PBXGroup;
			children = (
				4091E93920BF18FE00C2332A /* AppDelegate.swift */,
				4091E93B20BF18FE00C2332A /* ViewController.swift */,
				4091E93D20BF18FE00C2332A /* Main.storyboard */,
				4091E94320BF18FF00C2332A /* Assets.xcassets */,
				4091E94520BF18FF00C2332A /* LaunchScreen.storyboard */,
				4091E94820BF18FF00C2332A /* Info.plist */,
				4091E94020BF18FE00C2332A /* TaskManagerApp.xcdatamodeld */,
			);
			path = TaskManagerApp;
			sourceTree = "<group>";
		};
/* End PBXGroup section */

/* Begin PBXNativeTarget section */
		4091E93520BF18FE00C2332A /* TaskManagerApp */ = {
			isa = PBXNativeTarget;
			buildConfigurationList = 4091E94B20BF18FF00C2332A /* Build configuration list for PBXNativeTarget "TaskManagerApp" */;
			buildPhases = (
				4091E93220BF18FE00C2332A /* Sources */,
				4091E93320BF18FE00C2332A /* Frameworks */,
				4091E93420BF18FE00C2332A /* Resources */,
			);
			buildRules = (
			);
			dependencies = (
			);
			name = TaskManagerApp;
			productName = TaskManagerApp;
			productReference = 4091E93620BF18FE00C2332A /* TaskManagerApp.app */;
			productType = "com.apple.product-type.application";
		};
/* End PBXNativeTarget section */

/* Begin PBXProject section */
		4091E92E20BF18FE00C2332A /* Project object */ = {
			isa = PBXProject;
			attributes = {
				LastSwiftUpdateCheck = 0930;
				LastUpgradeCheck = 0930;
				ORGANIZATIONNAME = tw;
				TargetAttributes = {
					4091E93520BF18FE00C2332A = {
						CreatedOnToolsVersion = 9.3.1;
					};
				};
			};
			buildConfigurationList = 4091E93120BF18FE00C2332A /* Build configuration list for PBXProject "TaskManagerApp" */;
			compatibilityVersion = "Xcode 9.3";
			developmentRegion = en;
			hasScannedForEncodings = 0;
			knownRegions = (
				en,
				Base,
			);
			mainGroup = 4091E92D20BF18FE00C2332A;
			productRefGroup = 4091E93720BF18FE00C2332A /* Products */;
			projectDirPath = "";
			projectRoot = "";
			targets = (
				4091E93520BF18FE00C2332A /* TaskManagerApp */,
			);
		};
/* End PBXProject section */

/* Begin PBXResourcesBuildPhase section */
		4091E93420BF18FE00C2332A /* Resources */ = {
			isa = PBXResourcesBuildPhase;
			buildActionMask = 2147483647;
			files = (
				4091E94720BF18FF00C2332A /* LaunchScreen.storyboard in Resources */,
				4091E94420BF18FF00C2332A /* Assets.xcassets in Resources */,
				4091E93F20BF18FE00C2332A /* Main.storyboard in Resources */,
			);
			runOnlyForDeploymentPostprocessing = 0;
		};
/* End PBXResourcesBuildPhase section */

/* Begin PBXSourcesBuildPhase section */
		4091E93220BF18FE00C2332A /* Sources */ = {
			isa = PBXSourcesBuildPhase;
			buildActionMask = 2147483647;
			files = (
				4091E94220BF18FE00C2332A /* TaskManagerApp.xcdatamodeld in Sources */,
				4091E93C20BF18FE00C2332A /* ViewController.swift in Sources */,
				4091E93A20BF18FE00C2332A /* AppDelegate.swift in Sources */,
			);
			runOnlyForDeploymentPostprocessing = 0;
		};
/* End PBXSourcesBuildPhase section */

/* Begin PBXVariantGroup section */
		4091E93D20BF18FE00C2332A /* Main.storyboard */ = {
			isa = PBXVariantGroup;
			children = (
				4091E93E20BF18FE00C2332A /* Base */,
			);
			name = Main.storyboard;
			sourceTree = "<group>";
		};
		4091E94520BF18FF00C2332A /* LaunchScreen.storyboard */ = {
			isa = PBXVariantGroup;
			children = (
				4091E94620BF18FF00C2332A /* Base */,
			);
			name = LaunchScreen.storyboard;
			sourceTree = "<group>";
		};
/* End PBXVariantGroup section */

/* Begin XCBuildConfiguration section */
		4091E94920BF18FF00C2332A /* Debug */ = {
			isa = XCBuildConfiguration;
			buildSettings = {
				ALWAYS_SEARCH_USER_PATHS = NO;
				CLANG_ANALYZER_NONNULL = YES;
				CLANG_ANALYZER_NUMBER_OBJECT_CONVERSION = YES_AGGRESSIVE;
				CLANG_CXX_LANGUAGE_STANDARD = "gnu++14";
				CLANG_CXX_LIBRARY = "libc++";
				CLANG_ENABLE_MODULES = YES;
				CLANG_ENABLE_OBJC_ARC = YES;
				CLANG_ENABLE_OBJC_WEAK = YES;
				CLANG_WARN_BLOCK_CAPTURE_AUTORELEASING = YES;
				CLANG_WARN_BOOL_CONVERSION = YES;
				CLANG_WARN_COMMA = YES;
				CLANG_WARN_CONSTANT_CONVERSION = YES;
				CLANG_WARN_DEPRECATED_OBJC_IMPLEMENTATIONS = YES;
				CLANG_WARN_DIRECT_OBJC_ISA_USAGE = YES_ERROR;
				CLANG_WARN_DOCUMENTATION_COMMENTS = YES;
				CLANG_WARN_EMPTY_BODY = YES;
				CLANG_WARN_ENUM_CONVERSION = YES;
				CLANG_WARN_INFINITE_RECURSION = YES;
				CLANG_WARN_INT_CONVERSION = YES;
				CLANG_WARN_NON_LITERAL_NULL_CONVERSION = YES;
				CLANG_WARN_OBJC_IMPLICIT_RETAIN_SELF = YES;
				CLANG_WARN_OBJC_LITERAL_CONVERSION = YES;
				CLANG_WARN_OBJC_ROOT_CLASS = YES_ERROR;
				CLANG_WARN_RANGE_LOOP_ANALYSIS = YES;
				CLANG_WARN_STRICT_PROTOTYPES = YES;
				CLANG_WARN_SUSPICIOUS_MOVE = YES;
				CLANG_WARN_UNGUARDED_AVAILABILITY = YES_AGGRESSIVE;
				CLANG_WARN_UNREACHABLE_CODE = YES;
				CLANG_WARN__DUPLICATE_METHOD_MATCH = YES;
				CODE_SIGN_IDENTITY = "iPhone Developer";
				COPY_PHASE_STRIP = NO;
				DEBUG_INFORMATION_FORMAT = dwarf;
				ENABLE_STRICT_OBJC_MSGSEND = YES;
				ENABLE_TESTABILITY = YES;
				GCC_C_LANGUAGE_STANDARD = gnu11;
				GCC_DYNAMIC_NO_PIC = NO;
				GCC_NO_COMMON_BLOCKS = YES;
				GCC_OPTIMIZATION_LEVEL = 0;
				GCC_PREPROCESSOR_DEFINITIONS = (
					"DEBUG=1",
					"$(inherited)",
				);
				GCC_WARN_64_TO_32_BIT_CONVERSION = YES;
				GCC_WARN_ABOUT_RETURN_TYPE = YES_ERROR;
				GCC_WARN_UNDECLARED_SELECTOR = YES;
				GCC_WARN_UNINITIALIZED_AUTOS = YES_AGGRESSIVE;
				GCC_WARN_UNUSED_FUNCTION = YES;
				GCC_WARN_UNUSED_VARIABLE = YES;
				IPHONEOS_DEPLOYMENT_TARGET = 11.3;
				MTL_ENABLE_DEBUG_INFO = YES;
				ONLY_ACTIVE_ARCH = YES;
				SDKROOT = iphoneos;
				SWIFT_ACTIVE_COMPILATION_CONDITIONS = DEBUG;
				SWIFT_OPTIMIZATION_LEVEL = "-Onone";
			};
			name = Debug;
		};
		4091E94A20BF18FF00C2332A /* Release */ = {
			isa = XCBuildConfiguration;
			buildSettings = {
				ALWAYS_SEARCH_USER_PATHS = NO;
				CLANG_ANALYZER_NONNULL = YES;
				CLANG_ANALYZER_NUMBER_OBJECT_CONVERSION = YES_AGGRESSIVE;
				CLANG_CXX_LANGUAGE_STANDARD = "gnu++14";
				CLANG_CXX_LIBRARY = "libc++";
				CLANG_ENABLE_MODULES = YES;
				CLANG_ENABLE_OBJC_ARC = YES;
				CLANG_ENABLE_OBJC_WEAK = YES;
				CLANG_WARN_BLOCK_CAPTURE_AUTORELEASING = YES;
				CLANG_WARN_BOOL_CONVERSION = YES;
				CLANG_WARN_COMMA = YES;
				CLANG_WARN_CONSTANT_CONVERSION = YES;
				CLANG_WARN_DEPRECATED_OBJC_IMPLEMENTATIONS = YES;
				CLANG_WARN_DIRECT_OBJC_ISA_USAGE = YES_ERROR;
				CLANG_WARN_DOCUMENTATION_COMMENTS = YES;
				CLANG_WARN_EMPTY_BODY = YES;
				CLANG_WARN_ENUM_CONVERSION = YES;
				CLANG_WARN_INFINITE_RECURSION = YES;
				CLANG_WARN_INT_CONVERSION = YES;
				CLANG_WARN_NON_LITERAL_NULL_CONVERSION = YES;
				CLANG_WARN_OBJC_IMPLICIT_RETAIN_SELF = YES;
				CLANG_WARN_OBJC_LITERAL_CONVERSION = YES;
				CLANG_WARN_OBJC_ROOT_CLASS = YES_ERROR;
				CLANG_WARN_RANGE_LOOP_ANALYSIS = YES;
				CLANG_WARN_STRICT_PROTOTYPES = YES;
				CLANG_WARN_SUSPICIOUS_MOVE = YES;
				CLANG_WARN_UNGUARDED_AVAILABILITY = YES_AGGRESSIVE;
				CLANG_WARN_UNREACHABLE_CODE = YES;
				CLANG_WARN__DUPLICATE_METHOD_MATCH = YES;
				CODE_SIGN_IDENTITY = "iPhone Developer";
				COPY_PHASE_STRIP = NO;
				DEBUG_INFORMATION_FORMAT = "dwarf-with-dsym";
				ENABLE_NS_ASSERTIONS = NO;
				ENABLE_STRICT_OBJC_MSGSEND = YES;
				GCC_C_LANGUAGE_STANDARD = gnu11;
				GCC_NO_COMMON_BLOCKS = YES;
				GCC_WARN_64_TO_32_BIT_CONVERSION = YES;
				GCC_WARN_ABOUT_RETURN_TYPE = YES_ERROR;
				GCC_WARN_UNDECLARED_SELECTOR = YES;
				GCC_WARN_UNINITIALIZED_AUTOS = YES_AGGRESSIVE;
				GCC_WARN_UNUSED_FUNCTION = YES;
				GCC_WARN_UNUSED_VARIABLE = YES;
				IPHONEOS_DEPLOYMENT_TARGET = 11.3;
				MTL_ENABLE_DEBUG_INFO = NO;
				SDKROOT = iphoneos;
				SWIFT_COMPILATION_MODE = wholemodule;
				SWIFT_OPTIMIZATION_LEVEL = "-O";
				VALIDATE_PRODUCT = YES;
			};
			name = Release;
		};
		4091E94C20BF18FF00C2332A /* Debug */ = {
			isa = XCBuildConfiguration;
			buildSettings = {
				ASSETCATALOG_COMPILER_APPICON_NAME = AppIcon;
				CODE_SIGN_STYLE = Automatic;
				INFOPLIST_FILE = TaskManagerApp/Info.plist;
				LD_RUNPATH_SEARCH_PATHS = (
					"$(inherited)",
					"@executable_path/Frameworks",
				);
				PRODUCT_BUNDLE_IDENTIFIER = com.chandk.TaskManagerApp;
				PRODUCT_NAME = "$(TARGET_NAME)";
				SWIFT_VERSION = 4.0;
				TARGETED_DEVICE_FAMILY = "1,2";
			};
			name = Debug;
		};
		4091E94D20BF18FF00C2332A /* Release */ = {
			isa = XCBuildConfiguration;
			buildSettings = {
				ASSETCATALOG_COMPILER_APPICON_NAME = AppIcon;
				CODE_SIGN_STYLE = Automatic;
				INFOPLIST_FILE = TaskManagerApp/Info.plist;
				LD_RUNPATH_SEARCH_PATHS = (
					"$(inherited)",
					"@executable_path/Frameworks",
				);
				PRODUCT_BUNDLE_IDENTIFIER = com.chandk.TaskManagerApp;
				PRODUCT_NAME = "$(TARGET_NAME)";
				SWIFT_VERSION = 4.0;
				TARGETED_DEVICE_FAMILY = "1,2";
			};
			name = Release;
		};
/* End XCBuildConfiguration section */

/* Begin XCConfigurationList section */
		4091E93120BF18FE00C2332A /* Build configuration list for PBXProject "TaskManagerApp" */ = {
			isa = XCConfigurationList;
			buildConfigurations = (
				4091E94920BF18FF00C2332A /* Debug */,
				4091E94A20BF18FF00C2332A /* Release */,
			);
			defaultConfigurationIsVisible = 0;
			defaultConfigurationName = Release;
		};
		4091E94B20BF18FF00C2332A /* Build configuration list for PBXNativeTarget "TaskManagerApp" */ = {
			isa = XCConfigurationList;
			buildConfigurations = (
				4091E94C20BF18FF00C2332A /* Debug */,
				4091E94D20BF18FF00C2332A /* Release */,
			);
			defaultConfigurationIsVisible = 0;
			defaultConfigurationName = Release;
		};
/* End XCConfigurationList section */

/* Begin XCVersionGroup section */
		4091E94020BF18FE00C2332A /* TaskManagerApp.xcdatamodeld */ = {
			isa = XCVersionGroup;
			children = (
				4091E94120BF18FE00C2332A /* TaskManagerApp.xcdatamodel */,
			);
			currentVersion = 4091E94120BF18FE00C2332A /* TaskManagerApp.xcdatamodel */;
			path = TaskManagerApp.xcdatamodeld;
			sourceTree = "<group>";
			versionGroupType = wrapper.xcdatamodel;
		};
/* End XCVersionGroup section */
	};
	rootObject = 4091E92E20BF18FE00C2332A /* Project object */;
}
